
Microsoft Visual Studio Solution File, Format Version 12.00
# Visual Studio Version 17
VisualStudioVersion = 17.6.33829.357
MinimumVisualStudioVersion = 10.0.40219.1
Project("{FAE04EC0-301F-11D3-BF4B-00C04F79EFBC}") = "ElExtracto.API", "ElExtracto.API\ElExtracto.API.csproj", "{6BEA9AAD-D8EB-4BC9-810D-F16B7AD3BE04}"
EndProject
Global
	GlobalSection(SolutionConfigurationPlatforms) = preSolution
		Debug|Any CPU = Debug|Any CPU
		Release|Any CPU = Release|Any CPU
	EndGlobalSection
	GlobalSection(ProjectConfigurationPlatforms) = postSolution
		{6BEA9AAD-D8EB-4BC9-810D-F16B7AD3BE04}.Debug|Any CPU.ActiveCfg = Debug|Any CPU
		{6BEA9AAD-D8EB-4BC9-810D-F16B7AD3BE04}.Debug|Any CPU.Build.0 = Debug|Any CPU
		{6BEA9AAD-D8EB-4BC9-810D-F16B7AD3BE04}.Release|Any CPU.ActiveCfg = Release|Any CPU
		{6BEA9AAD-D8EB-4BC9-810D-F16B7AD3BE04}.Release|Any CPU.Build.0 = Release|Any CPU
	EndGlobalSection
	GlobalSection(SolutionProperties) = preSolution
		HideSolutionNode = FALSE
	EndGlobalSection
	GlobalSection(ExtensibilityGlobals) = postSolution
		SolutionGuid = {4739B715-EBCB-4E09-8CF5-5BA7412ACD4E}
	EndGlobalSection
EndGlobal
